
Microsoft Visual Studio Solution File, Format Version 12.00
# Visual Studio 2013
VisualStudioVersion = 12.0.21005.1
MinimumVisualStudioVersion = 10.0.40219.1
Project("{FAE04EC0-301F-11D3-BF4B-00C04F79EFBC}") = "GameOfLife", "GameOfLife\GameOfLife.csproj", "{4D09F449-83B4-4FA1-B02B-23D7BB8058E7}"
EndProject
Project("{FAE04EC0-301F-11D3-BF4B-00C04F79EFBC}") = "GameOfLife.Tests", "GameOfLife.Tests\GameOfLife.Tests.csproj", "{41423B16-1663-4D8B-A8F7-DBD60A2E4A92}"
EndProject
Global
	GlobalSection(SolutionConfigurationPlatforms) = preSolution
		Debug|Any CPU = Debug|Any CPU
		Release|Any CPU = Release|Any CPU
	EndGlobalSection
	GlobalSection(ProjectConfigurationPlatforms) = postSolution
		{4D09F449-83B4-4FA1-B02B-23D7BB8058E7}.Debug|Any CPU.ActiveCfg = Debug|Any CPU
		{4D09F449-83B4-4FA1-B02B-23D7BB8058E7}.Debug|Any CPU.Build.0 = Debug|Any CPU
		{4D09F449-83B4-4FA1-B02B-23D7BB8058E7}.Release|Any CPU.ActiveCfg = Release|Any CPU
		{4D09F449-83B4-4FA1-B02B-23D7BB8058E7}.Release|Any CPU.Build.0 = Release|Any CPU
		{41423B16-1663-4D8B-A8F7-DBD60A2E4A92}.Debug|Any CPU.ActiveCfg = Debug|Any CPU
		{41423B16-1663-4D8B-A8F7-DBD60A2E4A92}.Debug|Any CPU.Build.0 = Debug|Any CPU
		{41423B16-1663-4D8B-A8F7-DBD60A2E4A92}.Release|Any CPU.ActiveCfg = Release|Any CPU
		{41423B16-1663-4D8B-A8F7-DBD60A2E4A92}.Release|Any CPU.Build.0 = Release|Any CPU
	EndGlobalSection
	GlobalSection(SolutionProperties) = preSolution
		HideSolutionNode = FALSE
	EndGlobalSection
EndGlobal
